// !$*UTF8*$!
{
	archiveVersion = 1;
	classes = {
	};
	objectVersion = 56;
	objects = {

/* Begin PBXBuildFile section */
		81BEA6F62BAD152F002CBC29 /* RealityKitContent in Frameworks */ = {isa = PBXBuildFile; productRef = 81BEA6F52BAD152F002CBC29 /* RealityKitContent */; };
		81BEA6F82BAD152F002CBC29 /* TrySwiftSunnyTuneApp.swift in Sources */ = {isa = PBXBuildFile; fileRef = 81BEA6F72BAD152F002CBC29 /* TrySwiftSunnyTuneApp.swift */; };
		81BEA6FA2BAD152F002CBC29 /* ContentView.swift in Sources */ = {isa = PBXBuildFile; fileRef = 81BEA6F92BAD152F002CBC29 /* ContentView.swift */; };
		81BEA6FE2BAD1530002CBC29 /* Assets.xcassets in Resources */ = {isa = PBXBuildFile; fileRef = 81BEA6FD2BAD1530002CBC29 /* Assets.xcassets */; };
		81BEA7012BAD1530002CBC29 /* Preview Assets.xcassets in Resources */ = {isa = PBXBuildFile; fileRef = 81BEA7002BAD1530002CBC29 /* Preview Assets.xcassets */; };
		81BEA70C2BAD1530002CBC29 /* TrySwiftSunnyTuneTests.swift in Sources */ = {isa = PBXBuildFile; fileRef = 81BEA70B2BAD1530002CBC29 /* TrySwiftSunnyTuneTests.swift */; };
/* End PBXBuildFile section */

/* Begin PBXContainerItemProxy section */
		81BEA7082BAD1530002CBC29 /* PBXContainerItemProxy */ = {
			isa = PBXContainerItemProxy;
			containerPortal = 81BEA6E82BAD152F002CBC29 /* Project object */;
			proxyType = 1;
			remoteGlobalIDString = 81BEA6EF2BAD152F002CBC29;
			remoteInfo = TrySwiftSunnyTune;
		};
/* End PBXContainerItemProxy section */

/* Begin PBXFileReference section */
		81BEA6F02BAD152F002CBC29 /* TrySwiftSunnyTune.app */ = {isa = PBXFileReference; explicitFileType = wrapper.application; includeInIndex = 0; path = TrySwiftSunnyTune.app; sourceTree = BUILT_PRODUCTS_DIR; };
		81BEA6F42BAD152F002CBC29 /* RealityKitContent */ = {isa = PBXFileReference; lastKnownFileType = wrapper; path = RealityKitContent; sourceTree = "<group>"; };
		81BEA6F72BAD152F002CBC29 /* TrySwiftSunnyTuneApp.swift */ = {isa = PBXFileReference; lastKnownFileType = sourcecode.swift; path = TrySwiftSunnyTuneApp.swift; sourceTree = "<group>"; };
		81BEA6F92BAD152F002CBC29 /* ContentView.swift */ = {isa = PBXFileReference; lastKnownFileType = sourcecode.swift; path = ContentView.swift; sourceTree = "<group>"; };
		81BEA6FD2BAD1530002CBC29 /* Assets.xcassets */ = {isa = PBXFileReference; lastKnownFileType = folder.assetcatalog; path = Assets.xcassets; sourceTree = "<group>"; };
		81BEA7002BAD1530002CBC29 /* Preview Assets.xcassets */ = {isa = PBXFileReference; lastKnownFileType = folder.assetcatalog; path = "Preview Assets.xcassets"; sourceTree = "<group>"; };
		81BEA7022BAD1530002CBC29 /* Info.plist */ = {isa = PBXFileReference; lastKnownFileType = text.plist.xml; path = Info.plist; sourceTree = "<group>"; };
		81BEA7072BAD1530002CBC29 /* TrySwiftSunnyTuneTests.xctest */ = {isa = PBXFileReference; explicitFileType = wrapper.cfbundle; includeInIndex = 0; path = TrySwiftSunnyTuneTests.xctest; sourceTree = BUILT_PRODUCTS_DIR; };
		81BEA70B2BAD1530002CBC29 /* TrySwiftSunnyTuneTests.swift */ = {isa = PBXFileReference; lastKnownFileType = sourcecode.swift; path = TrySwiftSunnyTuneTests.swift; sourceTree = "<group>"; };
/* End PBXFileReference section */

/* Begin PBXFrameworksBuildPhase section */
		81BEA6ED2BAD152F002CBC29 /* Frameworks */ = {
			isa = PBXFrameworksBuildPhase;
			buildActionMask = 2147483647;
			files = (
				81BEA6F62BAD152F002CBC29 /* RealityKitContent in Frameworks */,
			);
			runOnlyForDeploymentPostprocessing = 0;
		};
		81BEA7042BAD1530002CBC29 /* Frameworks */ = {
			isa = PBXFrameworksBuildPhase;
			buildActionMask = 2147483647;
			files = (
			);
			runOnlyForDeploymentPostprocessing = 0;
		};
/* End PBXFrameworksBuildPhase section */

/* Begin PBXGroup section */
		81BEA6E72BAD152F002CBC29 = {
			isa = PBXGroup;
			children = (
				81BEA6F22BAD152F002CBC29 /* TrySwiftSunnyTune */,
				81BEA6F32BAD152F002CBC29 /* Packages */,
				81BEA70A2BAD1530002CBC29 /* TrySwiftSunnyTuneTests */,
				81BEA6F12BAD152F002CBC29 /* Products */,
			);
			sourceTree = "<group>";
		};
		81BEA6F12BAD152F002CBC29 /* Products */ = {
			isa = PBXGroup;
			children = (
				81BEA6F02BAD152F002CBC29 /* TrySwiftSunnyTune.app */,
				81BEA7072BAD1530002CBC29 /* TrySwiftSunnyTuneTests.xctest */,
			);
			name = Products;
			sourceTree = "<group>";
		};
		81BEA6F22BAD152F002CBC29 /* TrySwiftSunnyTune */ = {
			isa = PBXGroup;
			children = (
				81BEA6F72BAD152F002CBC29 /* TrySwiftSunnyTuneApp.swift */,
				81BEA6F92BAD152F002CBC29 /* ContentView.swift */,
				81BEA6FD2BAD1530002CBC29 /* Assets.xcassets */,
				81BEA7022BAD1530002CBC29 /* Info.plist */,
				81BEA6FF2BAD1530002CBC29 /* Preview Content */,
			);
			path = TrySwiftSunnyTune;
			sourceTree = "<group>";
		};
		81BEA6F32BAD152F002CBC29 /* Packages */ = {
			isa = PBXGroup;
			children = (
				81BEA6F42BAD152F002CBC29 /* RealityKitContent */,
			);
			path = Packages;
			sourceTree = "<group>";
		};
		81BEA6FF2BAD1530002CBC29 /* Preview Content */ = {
			isa = PBXGroup;
			children = (
				81BEA7002BAD1530002CBC29 /* Preview Assets.xcassets */,
			);
			path = "Preview Content";
			sourceTree = "<group>";
		};
		81BEA70A2BAD1530002CBC29 /* TrySwiftSunnyTuneTests */ = {
			isa = PBXGroup;
			children = (
				81BEA70B2BAD1530002CBC29 /* TrySwiftSunnyTuneTests.swift */,
			);
			path = TrySwiftSunnyTuneTests;
			sourceTree = "<group>";
		};
/* End PBXGroup section */

/* Begin PBXNativeTarget section */
		81BEA6EF2BAD152F002CBC29 /* TrySwiftSunnyTune */ = {
			isa = PBXNativeTarget;
			buildConfigurationList = 81BEA70F2BAD1530002CBC29 /* Build configuration list for PBXNativeTarget "TrySwiftSunnyTune" */;
			buildPhases = (
				81BEA6EC2BAD152F002CBC29 /* Sources */,
				81BEA6ED2BAD152F002CBC29 /* Frameworks */,
				81BEA6EE2BAD152F002CBC29 /* Resources */,
			);
			buildRules = (
			);
			dependencies = (
			);
			name = TrySwiftSunnyTune;
			packageProductDependencies = (
				81BEA6F52BAD152F002CBC29 /* RealityKitContent */,
			);
			productName = TrySwiftSunnyTune;
			productReference = 81BEA6F02BAD152F002CBC29 /* TrySwiftSunnyTune.app */;
			productType = "com.apple.product-type.application";
		};
		81BEA7062BAD1530002CBC29 /* TrySwiftSunnyTuneTests */ = {
			isa = PBXNativeTarget;
			buildConfigurationList = 81BEA7122BAD1530002CBC29 /* Build configuration list for PBXNativeTarget "TrySwiftSunnyTuneTests" */;
			buildPhases = (
				81BEA7032BAD1530002CBC29 /* Sources */,
				81BEA7042BAD1530002CBC29 /* Frameworks */,
				81BEA7052BAD1530002CBC29 /* Resources */,
			);
			buildRules = (
			);
			dependencies = (
				81BEA7092BAD1530002CBC29 /* PBXTargetDependency */,
			);
			name = TrySwiftSunnyTuneTests;
			productName = TrySwiftSunnyTuneTests;
			productReference = 81BEA7072BAD1530002CBC29 /* TrySwiftSunnyTuneTests.xctest */;
			productType = "com.apple.product-type.bundle.unit-test";
		};
/* End PBXNativeTarget section */

/* Begin PBXProject section */
		81BEA6E82BAD152F002CBC29 /* Project object */ = {
			isa = PBXProject;
			attributes = {
				BuildIndependentTargetsInParallel = 1;
				LastSwiftUpdateCheck = 1520;
				LastUpgradeCheck = 1520;
				TargetAttributes = {
					81BEA6EF2BAD152F002CBC29 = {
						CreatedOnToolsVersion = 15.2;
					};
					81BEA7062BAD1530002CBC29 = {
						CreatedOnToolsVersion = 15.2;
						TestTargetID = 81BEA6EF2BAD152F002CBC29;
					};
				};
			};
			buildConfigurationList = 81BEA6EB2BAD152F002CBC29 /* Build configuration list for PBXProject "TrySwiftSunnyTune" */;
			compatibilityVersion = "Xcode 14.0";
			developmentRegion = en;
			hasScannedForEncodings = 0;
			knownRegions = (
				en,
				Base,
			);
			mainGroup = 81BEA6E72BAD152F002CBC29;
			productRefGroup = 81BEA6F12BAD152F002CBC29 /* Products */;
			projectDirPath = "";
			projectRoot = "";
			targets = (
				81BEA6EF2BAD152F002CBC29 /* TrySwiftSunnyTune */,
				81BEA7062BAD1530002CBC29 /* TrySwiftSunnyTuneTests */,
			);
		};
/* End PBXProject section */

/* Begin PBXResourcesBuildPhase section */
		81BEA6EE2BAD152F002CBC29 /* Resources */ = {
			isa = PBXResourcesBuildPhase;
			buildActionMask = 2147483647;
			files = (
				81BEA7012BAD1530002CBC29 /* Preview Assets.xcassets in Resources */,
				81BEA6FE2BAD1530002CBC29 /* Assets.xcassets in Resources */,
			);
			runOnlyForDeploymentPostprocessing = 0;
		};
		81BEA7052BAD1530002CBC29 /* Resources */ = {
			isa = PBXResourcesBuildPhase;
			buildActionMask = 2147483647;
			files = (
			);
			runOnlyForDeploymentPostprocessing = 0;
		};
/* End PBXResourcesBuildPhase section */

/* Begin PBXSourcesBuildPhase section */
		81BEA6EC2BAD152F002CBC29 /* Sources */ = {
			isa = PBXSourcesBuildPhase;
			buildActionMask = 2147483647;
			files = (
				81BEA6FA2BAD152F002CBC29 /* ContentView.swift in Sources */,
				81BEA6F82BAD152F002CBC29 /* TrySwiftSunnyTuneApp.swift in Sources */,
			);
			runOnlyForDeploymentPostprocessing = 0;
		};
		81BEA7032BAD1530002CBC29 /* Sources */ = {
			isa = PBXSourcesBuildPhase;
			buildActionMask = 2147483647;
			files = (
				81BEA70C2BAD1530002CBC29 /* TrySwiftSunnyTuneTests.swift in Sources */,
			);
			runOnlyForDeploymentPostprocessing = 0;
		};
/* End PBXSourcesBuildPhase section */

/* Begin PBXTargetDependency section */
		81BEA7092BAD1530002CBC29 /* PBXTargetDependency */ = {
			isa = PBXTargetDependency;
			target = 81BEA6EF2BAD152F002CBC29 /* TrySwiftSunnyTune */;
			targetProxy = 81BEA7082BAD1530002CBC29 /* PBXContainerItemProxy */;
		};
/* End PBXTargetDependency section */

/* Begin XCBuildConfiguration section */
		81BEA70D2BAD1530002CBC29 /* Debug */ = {
			isa = XCBuildConfiguration;
			buildSettings = {
				ALWAYS_SEARCH_USER_PATHS = NO;
				ASSETCATALOG_COMPILER_GENERATE_SWIFT_ASSET_SYMBOL_EXTENSIONS = YES;
				CLANG_ANALYZER_NONNULL = YES;
				CLANG_ANALYZER_NUMBER_OBJECT_CONVERSION = YES_AGGRESSIVE;
				CLANG_CXX_LANGUAGE_STANDARD = "gnu++20";
				CLANG_ENABLE_MODULES = YES;
				CLANG_ENABLE_OBJC_ARC = YES;
				CLANG_ENABLE_OBJC_WEAK = YES;
				CLANG_WARN_BLOCK_CAPTURE_AUTORELEASING = YES;
				CLANG_WARN_BOOL_CONVERSION = YES;
				CLANG_WARN_COMMA = YES;
				CLANG_WARN_CONSTANT_CONVERSION = YES;
				CLANG_WARN_DEPRECATED_OBJC_IMPLEMENTATIONS = YES;
				CLANG_WARN_DIRECT_OBJC_ISA_USAGE = YES_ERROR;
				CLANG_WARN_DOCUMENTATION_COMMENTS = YES;
				CLANG_WARN_EMPTY_BODY = YES;
				CLANG_WARN_ENUM_CONVERSION = YES;
				CLANG_WARN_INFINITE_RECURSION = YES;
				CLANG_WARN_INT_CONVERSION = YES;
				CLANG_WARN_NON_LITERAL_NULL_CONVERSION = YES;
				CLANG_WARN_OBJC_IMPLICIT_RETAIN_SELF = YES;
				CLANG_WARN_OBJC_LITERAL_CONVERSION = YES;
				CLANG_WARN_OBJC_ROOT_CLASS = YES_ERROR;
				CLANG_WARN_QUOTED_INCLUDE_IN_FRAMEWORK_HEADER = YES;
				CLANG_WARN_RANGE_LOOP_ANALYSIS = YES;
				CLANG_WARN_STRICT_PROTOTYPES = YES;
				CLANG_WARN_SUSPICIOUS_MOVE = YES;
				CLANG_WARN_UNGUARDED_AVAILABILITY = YES_AGGRESSIVE;
				CLANG_WARN_UNREACHABLE_CODE = YES;
				CLANG_WARN__DUPLICATE_METHOD_MATCH = YES;
				COPY_PHASE_STRIP = NO;
				DEBUG_INFORMATION_FORMAT = dwarf;
				ENABLE_STRICT_OBJC_MSGSEND = YES;
				ENABLE_TESTABILITY = YES;
				ENABLE_USER_SCRIPT_SANDBOXING = YES;
				GCC_C_LANGUAGE_STANDARD = gnu17;
				GCC_DYNAMIC_NO_PIC = NO;
				GCC_NO_COMMON_BLOCKS = YES;
				GCC_OPTIMIZATION_LEVEL = 0;
				GCC_PREPROCESSOR_DEFINITIONS = (
					"DEBUG=1",
					"$(inherited)",
				);
				GCC_WARN_64_TO_32_BIT_CONVERSION = YES;
				GCC_WARN_ABOUT_RETURN_TYPE = YES_ERROR;
				GCC_WARN_UNDECLARED_SELECTOR = YES;
				GCC_WARN_UNINITIALIZED_AUTOS = YES_AGGRESSIVE;
				GCC_WARN_UNUSED_FUNCTION = YES;
				GCC_WARN_UNUSED_VARIABLE = YES;
				LOCALIZATION_PREFERS_STRING_CATALOGS = YES;
				MTL_ENABLE_DEBUG_INFO = INCLUDE_SOURCE;
				MTL_FAST_MATH = YES;
				ONLY_ACTIVE_ARCH = YES;
				SDKROOT = xros;
				SWIFT_ACTIVE_COMPILATION_CONDITIONS = "DEBUG $(inherited)";
				SWIFT_OPTIMIZATION_LEVEL = "-Onone";
				XROS_DEPLOYMENT_TARGET = 1.0;
			};
			name = Debug;
		};
		81BEA70E2BAD1530002CBC29 /* Release */ = {
			isa = XCBuildConfiguration;
			buildSettings = {
				ALWAYS_SEARCH_USER_PATHS = NO;
				ASSETCATALOG_COMPILER_GENERATE_SWIFT_ASSET_SYMBOL_EXTENSIONS = YES;
				CLANG_ANALYZER_NONNULL = YES;
				CLANG_ANALYZER_NUMBER_OBJECT_CONVERSION = YES_AGGRESSIVE;
				CLANG_CXX_LANGUAGE_STANDARD = "gnu++20";
				CLANG_ENABLE_MODULES = YES;
				CLANG_ENABLE_OBJC_ARC = YES;
				CLANG_ENABLE_OBJC_WEAK = YES;
				CLANG_WARN_BLOCK_CAPTURE_AUTORELEASING = YES;
				CLANG_WARN_BOOL_CONVERSION = YES;
				CLANG_WARN_COMMA = YES;
				CLANG_WARN_CONSTANT_CONVERSION = YES;
				CLANG_WARN_DEPRECATED_OBJC_IMPLEMENTATIONS = YES;
				CLANG_WARN_DIRECT_OBJC_ISA_USAGE = YES_ERROR;
				CLANG_WARN_DOCUMENTATION_COMMENTS = YES;
				CLANG_WARN_EMPTY_BODY = YES;
				CLANG_WARN_ENUM_CONVERSION = YES;
				CLANG_WARN_INFINITE_RECURSION = YES;
				CLANG_WARN_INT_CONVERSION = YES;
				CLANG_WARN_NON_LITERAL_NULL_CONVERSION = YES;
				CLANG_WARN_OBJC_IMPLICIT_RETAIN_SELF = YES;
				CLANG_WARN_OBJC_LITERAL_CONVERSION = YES;
				CLANG_WARN_OBJC_ROOT_CLASS = YES_ERROR;
				CLANG_WARN_QUOTED_INCLUDE_IN_FRAMEWORK_HEADER = YES;
				CLANG_WARN_RANGE_LOOP_ANALYSIS = YES;
				CLANG_WARN_STRICT_PROTOTYPES = YES;
				CLANG_WARN_SUSPICIOUS_MOVE = YES;
				CLANG_WARN_UNGUARDED_AVAILABILITY = YES_AGGRESSIVE;
				CLANG_WARN_UNREACHABLE_CODE = YES;
				CLANG_WARN__DUPLICATE_METHOD_MATCH = YES;
				COPY_PHASE_STRIP = NO;
				DEBUG_INFORMATION_FORMAT = "dwarf-with-dsym";
				ENABLE_NS_ASSERTIONS = NO;
				ENABLE_STRICT_OBJC_MSGSEND = YES;
				ENABLE_USER_SCRIPT_SANDBOXING = YES;
				GCC_C_LANGUAGE_STANDARD = gnu17;
				GCC_NO_COMMON_BLOCKS = YES;
				GCC_WARN_64_TO_32_BIT_CONVERSION = YES;
				GCC_WARN_ABOUT_RETURN_TYPE = YES_ERROR;
				GCC_WARN_UNDECLARED_SELECTOR = YES;
				GCC_WARN_UNINITIALIZED_AUTOS = YES_AGGRESSIVE;
				GCC_WARN_UNUSED_FUNCTION = YES;
				GCC_WARN_UNUSED_VARIABLE = YES;
				LOCALIZATION_PREFERS_STRING_CATALOGS = YES;
				MTL_ENABLE_DEBUG_INFO = NO;
				MTL_FAST_MATH = YES;
				SDKROOT = xros;
				SWIFT_COMPILATION_MODE = wholemodule;
				VALIDATE_PRODUCT = YES;
				XROS_DEPLOYMENT_TARGET = 1.0;
			};
			name = Release;
		};
		81BEA7102BAD1530002CBC29 /* Debug */ = {
			isa = XCBuildConfiguration;
			buildSettings = {
				ASSETCATALOG_COMPILER_APPICON_NAME = AppIcon;
				ASSETCATALOG_COMPILER_GLOBAL_ACCENT_COLOR_NAME = AccentColor;
				CODE_SIGN_STYLE = Automatic;
				CURRENT_PROJECT_VERSION = 1;
				DEVELOPMENT_ASSET_PATHS = "\"TrySwiftSunnyTune/Preview Content\"";
				DEVELOPMENT_TEAM = 9WD5876MRD;
				ENABLE_PREVIEWS = YES;
				GENERATE_INFOPLIST_FILE = YES;
				INFOPLIST_FILE = "$(TARGET_NAME)/Info.plist";
				LD_RUNPATH_SEARCH_PATHS = (
					"$(inherited)",
					"@executable_path/Frameworks",
				);
				MARKETING_VERSION = 1.0;
				PRODUCT_BUNDLE_IDENTIFIER = com.meson.TrySwiftSunnyTune;
				PRODUCT_NAME = "$(TARGET_NAME)";
				SUPPORTED_PLATFORMS = "xros xrsimulator";
				SWIFT_EMIT_LOC_STRINGS = YES;
				SWIFT_VERSION = 5.0;
				TARGETED_DEVICE_FAMILY = "1,2,7";
			};
			name = Debug;
		};
		81BEA7112BAD1530002CBC29 /* Release */ = {
			isa = XCBuildConfiguration;
			buildSettings = {
				ASSETCATALOG_COMPILER_APPICON_NAME = AppIcon;
				ASSETCATALOG_COMPILER_GLOBAL_ACCENT_COLOR_NAME = AccentColor;
				CODE_SIGN_STYLE = Automatic;
				CURRENT_PROJECT_VERSION = 1;
				DEVELOPMENT_ASSET_PATHS = "\"TrySwiftSunnyTune/Preview Content\"";
				DEVELOPMENT_TEAM = 9WD5876MRD;
				ENABLE_PREVIEWS = YES;
				GENERATE_INFOPLIST_FILE = YES;
				INFOPLIST_FILE = "$(TARGET_NAME)/Info.plist";
				LD_RUNPATH_SEARCH_PATHS = (
					"$(inherited)",
					"@executable_path/Frameworks",
				);
				MARKETING_VERSION = 1.0;
				PRODUCT_BUNDLE_IDENTIFIER = com.meson.TrySwiftSunnyTune;
				PRODUCT_NAME = "$(TARGET_NAME)";
				SUPPORTED_PLATFORMS = "xros xrsimulator";
				SWIFT_EMIT_LOC_STRINGS = YES;
				SWIFT_VERSION = 5.0;
				TARGETED_DEVICE_FAMILY = "1,2,7";
			};
			name = Release;
		};
		81BEA7132BAD1530002CBC29 /* Debug */ = {
			isa = XCBuildConfiguration;
			buildSettings = {
				ALWAYS_EMBED_SWIFT_STANDARD_LIBRARIES = YES;
				BUNDLE_LOADER = "$(TEST_HOST)";
				CODE_SIGN_STYLE = Automatic;
				CURRENT_PROJECT_VERSION = 1;
				DEVELOPMENT_TEAM = 9WD5876MRD;
				GENERATE_INFOPLIST_FILE = YES;
				MARKETING_VERSION = 1.0;
				PRODUCT_BUNDLE_IDENTIFIER = com.meson.TrySwiftSunnyTuneTests;
				PRODUCT_NAME = "$(TARGET_NAME)";
				SUPPORTED_PLATFORMS = "xros xrsimulator";
				SWIFT_EMIT_LOC_STRINGS = NO;
				SWIFT_VERSION = 5.0;
				TARGETED_DEVICE_FAMILY = "1,2,7";
				TEST_HOST = "$(BUILT_PRODUCTS_DIR)/TrySwiftSunnyTune.app/$(BUNDLE_EXECUTABLE_FOLDER_PATH)/TrySwiftSunnyTune";
				XROS_DEPLOYMENT_TARGET = 1.0;
			};
			name = Debug;
		};
		81BEA7142BAD1530002CBC29 /* Release */ = {
			isa = XCBuildConfiguration;
			buildSettings = {
				ALWAYS_EMBED_SWIFT_STANDARD_LIBRARIES = YES;
				BUNDLE_LOADER = "$(TEST_HOST)";
				CODE_SIGN_STYLE = Automatic;
				CURRENT_PROJECT_VERSION = 1;
				DEVELOPMENT_TEAM = 9WD5876MRD;
				GENERATE_INFOPLIST_FILE = YES;
				MARKETING_VERSION = 1.0;
				PRODUCT_BUNDLE_IDENTIFIER = com.meson.TrySwiftSunnyTuneTests;
				PRODUCT_NAME = "$(TARGET_NAME)";
				SUPPORTED_PLATFORMS = "xros xrsimulator";
				SWIFT_EMIT_LOC_STRINGS = NO;
				SWIFT_VERSION = 5.0;
				TARGETED_DEVICE_FAMILY = "1,2,7";
				TEST_HOST = "$(BUILT_PRODUCTS_DIR)/TrySwiftSunnyTune.app/$(BUNDLE_EXECUTABLE_FOLDER_PATH)/TrySwiftSunnyTune";
				XROS_DEPLOYMENT_TARGET = 1.0;
			};
			name = Release;
		};
/* End XCBuildConfiguration section */

/* Begin XCConfigurationList section */
		81BEA6EB2BAD152F002CBC29 /* Build configuration list for PBXProject "TrySwiftSunnyTune" */ = {
			isa = XCConfigurationList;
			buildConfigurations = (
				81BEA70D2BAD1530002CBC29 /* Debug */,
				81BEA70E2BAD1530002CBC29 /* Release */,
			);
			defaultConfigurationIsVisible = 0;
			defaultConfigurationName = Release;
		};
		81BEA70F2BAD1530002CBC29 /* Build configuration list for PBXNativeTarget "TrySwiftSunnyTune" */ = {
			isa = XCConfigurationList;
			buildConfigurations = (
				81BEA7102BAD1530002CBC29 /* Debug */,
				81BEA7112BAD1530002CBC29 /* Release */,
			);
			defaultConfigurationIsVisible = 0;
			defaultConfigurationName = Release;
		};
		81BEA7122BAD1530002CBC29 /* Build configuration list for PBXNativeTarget "TrySwiftSunnyTuneTests" */ = {
			isa = XCConfigurationList;
			buildConfigurations = (
				81BEA7132BAD1530002CBC29 /* Debug */,
				81BEA7142BAD1530002CBC29 /* Release */,
			);
			defaultConfigurationIsVisible = 0;
			defaultConfigurationName = Release;
		};
/* End XCConfigurationList section */

/* Begin XCSwiftPackageProductDependency section */
		81BEA6F52BAD152F002CBC29 /* RealityKitContent */ = {
			isa = XCSwiftPackageProductDependency;
			productName = RealityKitContent;
		};
/* End XCSwiftPackageProductDependency section */
	};
	rootObject = 81BEA6E82BAD152F002CBC29 /* Project object */;
}
